// !$*UTF8*$!
{
	archiveVersion = 1;
	classes = {
	};
	objectVersion = 46;
	objects = {

/* Begin PBXBuildFile section */
		FA0A5EA81D518376004E0EE5 /* main.m in Sources */ = {isa = PBXBuildFile; fileRef = FA0A5EA71D518376004E0EE5 /* main.m */; };
		FA0A5EAB1D518376004E0EE5 /* AppDelegate.m in Sources */ = {isa = PBXBuildFile; fileRef = FA0A5EAA1D518376004E0EE5 /* AppDelegate.m */; };
		FA0A5EAE1D518376004E0EE5 /* GameScene.m in Sources */ = {isa = PBXBuildFile; fileRef = FA0A5EAD1D518376004E0EE5 /* GameScene.m */; };
		FA0A5EB01D518376004E0EE5 /* GameScene.sks in Resources */ = {isa = PBXBuildFile; fileRef = FA0A5EAF1D518376004E0EE5 /* GameScene.sks */; };
		FA0A5EB31D518376004E0EE5 /* GameViewController.m in Sources */ = {isa = PBXBuildFile; fileRef = FA0A5EB21D518376004E0EE5 /* GameViewController.m */; };
		FA0A5EB61D518376004E0EE5 /* Main.storyboard in Resources */ = {isa = PBXBuildFile; fileRef = FA0A5EB41D518376004E0EE5 /* Main.storyboard */; };
		FA0A5EB81D518376004E0EE5 /* Assets.xcassets in Resources */ = {isa = PBXBuildFile; fileRef = FA0A5EB71D518376004E0EE5 /* Assets.xcassets */; };
		FA0A5EBB1D518376004E0EE5 /* LaunchScreen.storyboard in Resources */ = {isa = PBXBuildFile; fileRef = FA0A5EB91D518376004E0EE5 /* LaunchScreen.storyboard */; };
		FA0A5EC61D518376004E0EE5 /* antipatternTests.m in Sources */ = {isa = PBXBuildFile; fileRef = FA0A5EC51D518376004E0EE5 /* antipatternTests.m */; };
		FA0A5ED11D518376004E0EE5 /* antipatternUITests.m in Sources */ = {isa = PBXBuildFile; fileRef = FA0A5ED01D518376004E0EE5 /* antipatternUITests.m */; };
		FA38A9EE1D51A6C2004CBA0B /* APNodeMap.m in Sources */ = {isa = PBXBuildFile; fileRef = FA38A9ED1D51A6C2004CBA0B /* APNodeMap.m */; };
		FAC4432A1D675BE300A2535A /* APSpawner.m in Sources */ = {isa = PBXBuildFile; fileRef = FAC443291D675BE300A2535A /* APSpawner.m */; };
/* End PBXBuildFile section */

/* Begin PBXContainerItemProxy section */
		FA0A5EC21D518376004E0EE5 /* PBXContainerItemProxy */ = {
			isa = PBXContainerItemProxy;
			containerPortal = FA0A5E9B1D518376004E0EE5 /* Project object */;
			proxyType = 1;
			remoteGlobalIDString = FA0A5EA21D518376004E0EE5;
			remoteInfo = antipattern;
		};
		FA0A5ECD1D518376004E0EE5 /* PBXContainerItemProxy */ = {
			isa = PBXContainerItemProxy;
			containerPortal = FA0A5E9B1D518376004E0EE5 /* Project object */;
			proxyType = 1;
			remoteGlobalIDString = FA0A5EA21D518376004E0EE5;
			remoteInfo = antipattern;
		};
/* End PBXContainerItemProxy section */

/* Begin PBXFileReference section */
		FA0A5EA31D518376004E0EE5 /* antipattern.app */ = {isa = PBXFileReference; explicitFileType = wrapper.application; includeInIndex = 0; path = antipattern.app; sourceTree = BUILT_PRODUCTS_DIR; };
		FA0A5EA71D518376004E0EE5 /* main.m */ = {isa = PBXFileReference; lastKnownFileType = sourcecode.c.objc; path = main.m; sourceTree = "<group>"; };
		FA0A5EA91D518376004E0EE5 /* AppDelegate.h */ = {isa = PBXFileReference; lastKnownFileType = sourcecode.c.h; path = AppDelegate.h; sourceTree = "<group>"; };
		FA0A5EAA1D518376004E0EE5 /* AppDelegate.m */ = {isa = PBXFileReference; lastKnownFileType = sourcecode.c.objc; path = AppDelegate.m; sourceTree = "<group>"; };
		FA0A5EAC1D518376004E0EE5 /* GameScene.h */ = {isa = PBXFileReference; lastKnownFileType = sourcecode.c.h; path = GameScene.h; sourceTree = "<group>"; };
		FA0A5EAD1D518376004E0EE5 /* GameScene.m */ = {isa = PBXFileReference; lastKnownFileType = sourcecode.c.objc; path = GameScene.m; sourceTree = "<group>"; };
		FA0A5EAF1D518376004E0EE5 /* GameScene.sks */ = {isa = PBXFileReference; lastKnownFileType = file.sks; path = GameScene.sks; sourceTree = "<group>"; };
		FA0A5EB11D518376004E0EE5 /* GameViewController.h */ = {isa = PBXFileReference; lastKnownFileType = sourcecode.c.h; path = GameViewController.h; sourceTree = "<group>"; };
		FA0A5EB21D518376004E0EE5 /* GameViewController.m */ = {isa = PBXFileReference; lastKnownFileType = sourcecode.c.objc; path = GameViewController.m; sourceTree = "<group>"; };
		FA0A5EB51D518376004E0EE5 /* Base */ = {isa = PBXFileReference; lastKnownFileType = file.storyboard; name = Base; path = Base.lproj/Main.storyboard; sourceTree = "<group>"; };
		FA0A5EB71D518376004E0EE5 /* Assets.xcassets */ = {isa = PBXFileReference; lastKnownFileType = folder.assetcatalog; path = Assets.xcassets; sourceTree = "<group>"; };
		FA0A5EBA1D518376004E0EE5 /* Base */ = {isa = PBXFileReference; lastKnownFileType = file.storyboard; name = Base; path = Base.lproj/LaunchScreen.storyboard; sourceTree = "<group>"; };
		FA0A5EBC1D518376004E0EE5 /* Info.plist */ = {isa = PBXFileReference; lastKnownFileType = text.plist.xml; path = Info.plist; sourceTree = "<group>"; };
		FA0A5EC11D518376004E0EE5 /* antipatternTests.xctest */ = {isa = PBXFileReference; explicitFileType = wrapper.cfbundle; includeInIndex = 0; path = antipatternTests.xctest; sourceTree = BUILT_PRODUCTS_DIR; };
		FA0A5EC51D518376004E0EE5 /* antipatternTests.m */ = {isa = PBXFileReference; lastKnownFileType = sourcecode.c.objc; path = antipatternTests.m; sourceTree = "<group>"; };
		FA0A5EC71D518376004E0EE5 /* Info.plist */ = {isa = PBXFileReference; lastKnownFileType = text.plist.xml; path = Info.plist; sourceTree = "<group>"; };
		FA0A5ECC1D518376004E0EE5 /* antipatternUITests.xctest */ = {isa = PBXFileReference; explicitFileType = wrapper.cfbundle; includeInIndex = 0; path = antipatternUITests.xctest; sourceTree = BUILT_PRODUCTS_DIR; };
		FA0A5ED01D518376004E0EE5 /* antipatternUITests.m */ = {isa = PBXFileReference; lastKnownFileType = sourcecode.c.objc; path = antipatternUITests.m; sourceTree = "<group>"; };
		FA0A5ED21D518376004E0EE5 /* Info.plist */ = {isa = PBXFileReference; lastKnownFileType = text.plist.xml; path = Info.plist; sourceTree = "<group>"; };
		FA38A9EC1D51A6C2004CBA0B /* APNodeMap.h */ = {isa = PBXFileReference; fileEncoding = 4; lastKnownFileType = sourcecode.c.h; path = APNodeMap.h; sourceTree = "<group>"; };
		FA38A9ED1D51A6C2004CBA0B /* APNodeMap.m */ = {isa = PBXFileReference; fileEncoding = 4; lastKnownFileType = sourcecode.c.objc; path = APNodeMap.m; sourceTree = "<group>"; };
		FAC443281D675BE300A2535A /* APSpawner.h */ = {isa = PBXFileReference; fileEncoding = 4; lastKnownFileType = sourcecode.c.h; path = APSpawner.h; sourceTree = "<group>"; };
		FAC443291D675BE300A2535A /* APSpawner.m */ = {isa = PBXFileReference; fileEncoding = 4; lastKnownFileType = sourcecode.c.objc; path = APSpawner.m; sourceTree = "<group>"; };
		FADE34031D551BD5003FBD83 /* Patterns.h */ = {isa = PBXFileReference; fileEncoding = 4; lastKnownFileType = sourcecode.c.h; path = Patterns.h; sourceTree = "<group>"; };
/* End PBXFileReference section */

/* Begin PBXFrameworksBuildPhase section */
		FA0A5EA01D518376004E0EE5 /* Frameworks */ = {
			isa = PBXFrameworksBuildPhase;
			buildActionMask = 2147483647;
			files = (
			);
			runOnlyForDeploymentPostprocessing = 0;
		};
		FA0A5EBE1D518376004E0EE5 /* Frameworks */ = {
			isa = PBXFrameworksBuildPhase;
			buildActionMask = 2147483647;
			files = (
			);
			runOnlyForDeploymentPostprocessing = 0;
		};
		FA0A5EC91D518376004E0EE5 /* Frameworks */ = {
			isa = PBXFrameworksBuildPhase;
			buildActionMask = 2147483647;
			files = (
			);
			runOnlyForDeploymentPostprocessing = 0;
		};
/* End PBXFrameworksBuildPhase section */

/* Begin PBXGroup section */
		FA0A5E9A1D518376004E0EE5 = {
			isa = PBXGroup;
			children = (
				FA0A5EA51D518376004E0EE5 /* antipattern */,
				FA0A5EC41D518376004E0EE5 /* antipatternTests */,
				FA0A5ECF1D518376004E0EE5 /* antipatternUITests */,
				FA0A5EA41D518376004E0EE5 /* Products */,
			);
			sourceTree = "<group>";
		};
		FA0A5EA41D518376004E0EE5 /* Products */ = {
			isa = PBXGroup;
			children = (
				FA0A5EA31D518376004E0EE5 /* antipattern.app */,
				FA0A5EC11D518376004E0EE5 /* antipatternTests.xctest */,
				FA0A5ECC1D518376004E0EE5 /* antipatternUITests.xctest */,
			);
			name = Products;
			sourceTree = "<group>";
		};
		FA0A5EA51D518376004E0EE5 /* antipattern */ = {
			isa = PBXGroup;
			children = (
				FA0A5EA91D518376004E0EE5 /* AppDelegate.h */,
				FA0A5EAA1D518376004E0EE5 /* AppDelegate.m */,
				FA0A5EAC1D518376004E0EE5 /* GameScene.h */,
				FA0A5EAD1D518376004E0EE5 /* GameScene.m */,
				FA0A5EAF1D518376004E0EE5 /* GameScene.sks */,
				FA0A5EB11D518376004E0EE5 /* GameViewController.h */,
				FA0A5EB21D518376004E0EE5 /* GameViewController.m */,
				FA0A5EB41D518376004E0EE5 /* Main.storyboard */,
				FA0A5EB71D518376004E0EE5 /* Assets.xcassets */,
				FA0A5EB91D518376004E0EE5 /* LaunchScreen.storyboard */,
				FA0A5EBC1D518376004E0EE5 /* Info.plist */,
				FA0A5EA61D518376004E0EE5 /* Supporting Files */,
				FA38A9EC1D51A6C2004CBA0B /* APNodeMap.h */,
				FA38A9ED1D51A6C2004CBA0B /* APNodeMap.m */,
				FADE34031D551BD5003FBD83 /* Patterns.h */,
				FAC443281D675BE300A2535A /* APSpawner.h */,
				FAC443291D675BE300A2535A /* APSpawner.m */,
			);
			path = antipattern;
			sourceTree = "<group>";
		};
		FA0A5EA61D518376004E0EE5 /* Supporting Files */ = {
			isa = PBXGroup;
			children = (
				FA0A5EA71D518376004E0EE5 /* main.m */,
			);
			name = "Supporting Files";
			sourceTree = "<group>";
		};
		FA0A5EC41D518376004E0EE5 /* antipatternTests */ = {
			isa = PBXGroup;
			children = (
				FA0A5EC51D518376004E0EE5 /* antipatternTests.m */,
				FA0A5EC71D518376004E0EE5 /* Info.plist */,
			);
			path = antipatternTests;
			sourceTree = "<group>";
		};
		FA0A5ECF1D518376004E0EE5 /* antipatternUITests */ = {
			isa = PBXGroup;
			children = (
				FA0A5ED01D518376004E0EE5 /* antipatternUITests.m */,
				FA0A5ED21D518376004E0EE5 /* Info.plist */,
			);
			path = antipatternUITests;
			sourceTree = "<group>";
		};
/* End PBXGroup section */

/* Begin PBXNativeTarget section */
		FA0A5EA21D518376004E0EE5 /* antipattern */ = {
			isa = PBXNativeTarget;
			buildConfigurationList = FA0A5ED51D518376004E0EE5 /* Build configuration list for PBXNativeTarget "antipattern" */;
			buildPhases = (
				FA0A5E9F1D518376004E0EE5 /* Sources */,
				FA0A5EA01D518376004E0EE5 /* Frameworks */,
				FA0A5EA11D518376004E0EE5 /* Resources */,
			);
			buildRules = (
			);
			dependencies = (
			);
			name = antipattern;
			productName = antipattern;
			productReference = FA0A5EA31D518376004E0EE5 /* antipattern.app */;
			productType = "com.apple.product-type.application";
		};
		FA0A5EC01D518376004E0EE5 /* antipatternTests */ = {
			isa = PBXNativeTarget;
			buildConfigurationList = FA0A5ED81D518376004E0EE5 /* Build configuration list for PBXNativeTarget "antipatternTests" */;
			buildPhases = (
				FA0A5EBD1D518376004E0EE5 /* Sources */,
				FA0A5EBE1D518376004E0EE5 /* Frameworks */,
				FA0A5EBF1D518376004E0EE5 /* Resources */,
			);
			buildRules = (
			);
			dependencies = (
				FA0A5EC31D518376004E0EE5 /* PBXTargetDependency */,
			);
			name = antipatternTests;
			productName = antipatternTests;
			productReference = FA0A5EC11D518376004E0EE5 /* antipatternTests.xctest */;
			productType = "com.apple.product-type.bundle.unit-test";
		};
		FA0A5ECB1D518376004E0EE5 /* antipatternUITests */ = {
			isa = PBXNativeTarget;
			buildConfigurationList = FA0A5EDB1D518376004E0EE5 /* Build configuration list for PBXNativeTarget "antipatternUITests" */;
			buildPhases = (
				FA0A5EC81D518376004E0EE5 /* Sources */,
				FA0A5EC91D518376004E0EE5 /* Frameworks */,
				FA0A5ECA1D518376004E0EE5 /* Resources */,
			);
			buildRules = (
			);
			dependencies = (
				FA0A5ECE1D518376004E0EE5 /* PBXTargetDependency */,
			);
			name = antipatternUITests;
			productName = antipatternUITests;
			productReference = FA0A5ECC1D518376004E0EE5 /* antipatternUITests.xctest */;
			productType = "com.apple.product-type.bundle.ui-testing";
		};
/* End PBXNativeTarget section */

/* Begin PBXProject section */
		FA0A5E9B1D518376004E0EE5 /* Project object */ = {
			isa = PBXProject;
			attributes = {
				LastUpgradeCheck = 0730;
				ORGANIZATIONNAME = "Alexandru Catighera";
				TargetAttributes = {
					FA0A5EA21D518376004E0EE5 = {
						CreatedOnToolsVersion = 7.3.1;
						DevelopmentTeam = V7CD9TJLJQ;
					};
					FA0A5EC01D518376004E0EE5 = {
						CreatedOnToolsVersion = 7.3.1;
						TestTargetID = FA0A5EA21D518376004E0EE5;
					};
					FA0A5ECB1D518376004E0EE5 = {
						CreatedOnToolsVersion = 7.3.1;
						TestTargetID = FA0A5EA21D518376004E0EE5;
					};
				};
			};
			buildConfigurationList = FA0A5E9E1D518376004E0EE5 /* Build configuration list for PBXProject "antipattern" */;
			compatibilityVersion = "Xcode 3.2";
			developmentRegion = English;
			hasScannedForEncodings = 0;
			knownRegions = (
				en,
				Base,
			);
			mainGroup = FA0A5E9A1D518376004E0EE5;
			productRefGroup = FA0A5EA41D518376004E0EE5 /* Products */;
			projectDirPath = "";
			projectRoot = "";
			targets = (
				FA0A5EA21D518376004E0EE5 /* antipattern */,
				FA0A5EC01D518376004E0EE5 /* antipatternTests */,
				FA0A5ECB1D518376004E0EE5 /* antipatternUITests */,
			);
		};
/* End PBXProject section */

/* Begin PBXResourcesBuildPhase section */
		FA0A5EA11D518376004E0EE5 /* Resources */ = {
			isa = PBXResourcesBuildPhase;
			buildActionMask = 2147483647;
			files = (
				FA0A5EB01D518376004E0EE5 /* GameScene.sks in Resources */,
				FA0A5EBB1D518376004E0EE5 /* LaunchScreen.storyboard in Resources */,
				FA0A5EB81D518376004E0EE5 /* Assets.xcassets in Resources */,
				FA0A5EB61D518376004E0EE5 /* Main.storyboard in Resources */,
			);
			runOnlyForDeploymentPostprocessing = 0;
		};
		FA0A5EBF1D518376004E0EE5 /* Resources */ = {
			isa = PBXResourcesBuildPhase;
			buildActionMask = 2147483647;
			files = (
			);
			runOnlyForDeploymentPostprocessing = 0;
		};
		FA0A5ECA1D518376004E0EE5 /* Resources */ = {
			isa = PBXResourcesBuildPhase;
			buildActionMask = 2147483647;
			files = (
			);
			runOnlyForDeploymentPostprocessing = 0;
		};
/* End PBXResourcesBuildPhase section */

/* Begin PBXSourcesBuildPhase section */
		FA0A5E9F1D518376004E0EE5 /* Sources */ = {
			isa = PBXSourcesBuildPhase;
			buildActionMask = 2147483647;
			files = (
				FA0A5EB31D518376004E0EE5 /* GameViewController.m in Sources */,
				FA38A9EE1D51A6C2004CBA0B /* APNodeMap.m in Sources */,
				FA0A5EAB1D518376004E0EE5 /* AppDelegate.m in Sources */,
				FA0A5EAE1D518376004E0EE5 /* GameScene.m in Sources */,
				FA0A5EA81D518376004E0EE5 /* main.m in Sources */,
				FAC4432A1D675BE300A2535A /* APSpawner.m in Sources */,
			);
			runOnlyForDeploymentPostprocessing = 0;
		};
		FA0A5EBD1D518376004E0EE5 /* Sources */ = {
			isa = PBXSourcesBuildPhase;
			buildActionMask = 2147483647;
			files = (
				FA0A5EC61D518376004E0EE5 /* antipatternTests.m in Sources */,
			);
			runOnlyForDeploymentPostprocessing = 0;
		};
		FA0A5EC81D518376004E0EE5 /* Sources */ = {
			isa = PBXSourcesBuildPhase;
			buildActionMask = 2147483647;
			files = (
				FA0A5ED11D518376004E0EE5 /* antipatternUITests.m in Sources */,
			);
			runOnlyForDeploymentPostprocessing = 0;
		};
/* End PBXSourcesBuildPhase section */

/* Begin PBXTargetDependency section */
		FA0A5EC31D518376004E0EE5 /* PBXTargetDependency */ = {
			isa = PBXTargetDependency;
			target = FA0A5EA21D518376004E0EE5 /* antipattern */;
			targetProxy = FA0A5EC21D518376004E0EE5 /* PBXContainerItemProxy */;
		};
		FA0A5ECE1D518376004E0EE5 /* PBXTargetDependency */ = {
			isa = PBXTargetDependency;
			target = FA0A5EA21D518376004E0EE5 /* antipattern */;
			targetProxy = FA0A5ECD1D518376004E0EE5 /* PBXContainerItemProxy */;
		};
/* End PBXTargetDependency section */

/* Begin PBXVariantGroup section */
		FA0A5EB41D518376004E0EE5 /* Main.storyboard */ = {
			isa = PBXVariantGroup;
			children = (
				FA0A5EB51D518376004E0EE5 /* Base */,
			);
			name = Main.storyboard;
			sourceTree = "<group>";
		};
		FA0A5EB91D518376004E0EE5 /* LaunchScreen.storyboard */ = {
			isa = PBXVariantGroup;
			children = (
				FA0A5EBA1D518376004E0EE5 /* Base */,
			);
			name = LaunchScreen.storyboard;
			sourceTree = "<group>";
		};
/* End PBXVariantGroup section */

/* Begin XCBuildConfiguration section */
		FA0A5ED31D518376004E0EE5 /* Debug */ = {
			isa = XCBuildConfiguration;
			buildSettings = {
				ALWAYS_SEARCH_USER_PATHS = NO;
				CLANG_ANALYZER_NONNULL = YES;
				CLANG_CXX_LANGUAGE_STANDARD = "gnu++0x";
				CLANG_CXX_LIBRARY = "libc++";
				CLANG_ENABLE_MODULES = YES;
				CLANG_ENABLE_OBJC_ARC = YES;
				CLANG_WARN_BOOL_CONVERSION = YES;
				CLANG_WARN_CONSTANT_CONVERSION = YES;
				CLANG_WARN_DIRECT_OBJC_ISA_USAGE = YES_ERROR;
				CLANG_WARN_EMPTY_BODY = YES;
				CLANG_WARN_ENUM_CONVERSION = YES;
				CLANG_WARN_INT_CONVERSION = YES;
				CLANG_WARN_OBJC_ROOT_CLASS = YES_ERROR;
				CLANG_WARN_UNREACHABLE_CODE = YES;
				CLANG_WARN__DUPLICATE_METHOD_MATCH = YES;
				"CODE_SIGN_IDENTITY[sdk=iphoneos*]" = "iPhone Developer";
				COPY_PHASE_STRIP = NO;
				DEBUG_INFORMATION_FORMAT = "dwarf-with-dsym";
				ENABLE_STRICT_OBJC_MSGSEND = YES;
				ENABLE_TESTABILITY = YES;
				GCC_C_LANGUAGE_STANDARD = gnu99;
				GCC_DYNAMIC_NO_PIC = NO;
				GCC_NO_COMMON_BLOCKS = YES;
				GCC_OPTIMIZATION_LEVEL = 0;
				GCC_PREPROCESSOR_DEFINITIONS = (
					"DEBUG=1",
					"$(inherited)",
				);
				GCC_WARN_64_TO_32_BIT_CONVERSION = YES;
				GCC_WARN_ABOUT_RETURN_TYPE = YES_ERROR;
				GCC_WARN_UNDECLARED_SELECTOR = YES;
				GCC_WARN_UNINITIALIZED_AUTOS = YES_AGGRESSIVE;
				GCC_WARN_UNUSED_FUNCTION = YES;
				GCC_WARN_UNUSED_VARIABLE = YES;
				IPHONEOS_DEPLOYMENT_TARGET = 9.3;
				MTL_ENABLE_DEBUG_INFO = YES;
				ONLY_ACTIVE_ARCH = YES;
				SDKROOT = iphoneos;
				TARGETED_DEVICE_FAMILY = "1,2";
			};
			name = Debug;
		};
		FA0A5ED41D518376004E0EE5 /* Release */ = {
			isa = XCBuildConfiguration;
			buildSettings = {
				ALWAYS_SEARCH_USER_PATHS = NO;
				CLANG_ANALYZER_NONNULL = YES;
				CLANG_CXX_LANGUAGE_STANDARD = "gnu++0x";
				CLANG_CXX_LIBRARY = "libc++";
				CLANG_ENABLE_MODULES = YES;
				CLANG_ENABLE_OBJC_ARC = YES;
				CLANG_WARN_BOOL_CONVERSION = YES;
				CLANG_WARN_CONSTANT_CONVERSION = YES;
				CLANG_WARN_DIRECT_OBJC_ISA_USAGE = YES_ERROR;
				CLANG_WARN_EMPTY_BODY = YES;
				CLANG_WARN_ENUM_CONVERSION = YES;
				CLANG_WARN_INT_CONVERSION = YES;
				CLANG_WARN_OBJC_ROOT_CLASS = YES_ERROR;
				CLANG_WARN_UNREACHABLE_CODE = YES;
				CLANG_WARN__DUPLICATE_METHOD_MATCH = YES;
				"CODE_SIGN_IDENTITY[sdk=iphoneos*]" = "iPhone Developer";
				COPY_PHASE_STRIP = NO;
				DEBUG_INFORMATION_FORMAT = "dwarf-with-dsym";
				ENABLE_NS_ASSERTIONS = NO;
				ENABLE_STRICT_OBJC_MSGSEND = YES;
				GCC_C_LANGUAGE_STANDARD = gnu99;
				GCC_NO_COMMON_BLOCKS = YES;
				GCC_WARN_64_TO_32_BIT_CONVERSION = YES;
				GCC_WARN_ABOUT_RETURN_TYPE = YES_ERROR;
				GCC_WARN_UNDECLARED_SELECTOR = YES;
				GCC_WARN_UNINITIALIZED_AUTOS = YES_AGGRESSIVE;
				GCC_WARN_UNUSED_FUNCTION = YES;
				GCC_WARN_UNUSED_VARIABLE = YES;
				IPHONEOS_DEPLOYMENT_TARGET = 9.3;
				MTL_ENABLE_DEBUG_INFO = NO;
				SDKROOT = iphoneos;
				TARGETED_DEVICE_FAMILY = "1,2";
				VALIDATE_PRODUCT = YES;
			};
			name = Release;
		};
		FA0A5ED61D518376004E0EE5 /* Debug */ = {
			isa = XCBuildConfiguration;
			buildSettings = {
				ALWAYS_SEARCH_USER_PATHS = YES;
				ASSETCATALOG_COMPILER_APPICON_NAME = AppIcon;
				CODE_SIGN_IDENTITY = "iPhone Developer: alex@bobaapps.com (4WU5JVJAU4)";
				"CODE_SIGN_IDENTITY[sdk=iphoneos*]" = "iPhone Developer: alex@bobaapps.com (4WU5JVJAU4)";
				INFOPLIST_FILE = antipattern/Info.plist;
				IPHONEOS_DEPLOYMENT_TARGET = 8.0;
				LD_RUNPATH_SEARCH_PATHS = "$(inherited) @executable_path/Frameworks";
				PRODUCT_BUNDLE_IDENTIFIER = com.boba.antipattern;
				PRODUCT_NAME = "$(TARGET_NAME)";
				PROVISIONING_PROFILE = "";
			};
			name = Debug;
		};
		FA0A5ED71D518376004E0EE5 /* Release */ = {
			isa = XCBuildConfiguration;
			buildSettings = {
				ALWAYS_SEARCH_USER_PATHS = YES;
				ASSETCATALOG_COMPILER_APPICON_NAME = AppIcon;
				CODE_SIGN_IDENTITY = "iPhone Distribution: Boba Apps, LLC (V7CD9TJLJQ)";
				"CODE_SIGN_IDENTITY[sdk=iphoneos*]" = "iPhone Distribution: Boba Apps, LLC (V7CD9TJLJQ)";
				INFOPLIST_FILE = antipattern/Info.plist;
				IPHONEOS_DEPLOYMENT_TARGET = 8.0;
				LD_RUNPATH_SEARCH_PATHS = "$(inherited) @executable_path/Frameworks";
				PRODUCT_BUNDLE_IDENTIFIER = com.boba.antipattern;
				PRODUCT_NAME = "$(TARGET_NAME)";
				PROVISIONING_PROFILE = "";
			};
			name = Release;
		};
		FA0A5ED91D518376004E0EE5 /* Debug */ = {
			isa = XCBuildConfiguration;
			buildSettings = {
				BUNDLE_LOADER = "$(TEST_HOST)";
				DEBUG_INFORMATION_FORMAT = dwarf;
				INFOPLIST_FILE = antipatternTests/Info.plist;
				LD_RUNPATH_SEARCH_PATHS = "$(inherited) @executable_path/Frameworks @loader_path/Frameworks";
				PRODUCT_BUNDLE_IDENTIFIER = com.boba.antipatternTests;
				PRODUCT_NAME = "$(TARGET_NAME)";
				TEST_HOST = "$(BUILT_PRODUCTS_DIR)/antipattern.app/antipattern";
			};
			name = Debug;
		};
		FA0A5EDA1D518376004E0EE5 /* Release */ = {
			isa = XCBuildConfiguration;
			buildSettings = {
				BUNDLE_LOADER = "$(TEST_HOST)";
				INFOPLIST_FILE = antipatternTests/Info.plist;
				LD_RUNPATH_SEARCH_PATHS = "$(inherited) @executable_path/Frameworks @loader_path/Frameworks";
				PRODUCT_BUNDLE_IDENTIFIER = com.boba.antipatternTests;
				PRODUCT_NAME = "$(TARGET_NAME)";
				TEST_HOST = "$(BUILT_PRODUCTS_DIR)/antipattern.app/antipattern";
			};
			name = Release;
		};
		FA0A5EDC1D518376004E0EE5 /* Debug */ = {
			isa = XCBuildConfiguration;
			buildSettings = {
				DEBUG_INFORMATION_FORMAT = dwarf;
				INFOPLIST_FILE = antipatternUITests/Info.plist;
				LD_RUNPATH_SEARCH_PATHS = "$(inherited) @executable_path/Frameworks @loader_path/Frameworks";
				PRODUCT_BUNDLE_IDENTIFIER = com.boba.antipatternUITests;
				PRODUCT_NAME = "$(TARGET_NAME)";
				TEST_TARGET_NAME = antipattern;
			};
			name = Debug;
		};
		FA0A5EDD1D518376004E0EE5 /* Release */ = {
			isa = XCBuildConfiguration;
			buildSettings = {
				INFOPLIST_FILE = antipatternUITests/Info.plist;
				LD_RUNPATH_SEARCH_PATHS = "$(inherited) @executable_path/Frameworks @loader_path/Frameworks";
				PRODUCT_BUNDLE_IDENTIFIER = com.boba.antipatternUITests;
				PRODUCT_NAME = "$(TARGET_NAME)";
				TEST_TARGET_NAME = antipattern;
			};
			name = Release;
		};
/* End XCBuildConfiguration section */

/* Begin XCConfigurationList section */
		FA0A5E9E1D518376004E0EE5 /* Build configuration list for PBXProject "antipattern" */ = {
			isa = XCConfigurationList;
			buildConfigurations = (
				FA0A5ED31D518376004E0EE5 /* Debug */,
				FA0A5ED41D518376004E0EE5 /* Release */,
			);
			defaultConfigurationIsVisible = 0;
			defaultConfigurationName = Release;
		};
		FA0A5ED51D518376004E0EE5 /* Build configuration list for PBXNativeTarget "antipattern" */ = {
			isa = XCConfigurationList;
			buildConfigurations = (
				FA0A5ED61D518376004E0EE5 /* Debug */,
				FA0A5ED71D518376004E0EE5 /* Release */,
			);
			defaultConfigurationIsVisible = 0;
			defaultConfigurationName = Release;
		};
		FA0A5ED81D518376004E0EE5 /* Build configuration list for PBXNativeTarget "antipatternTests" */ = {
			isa = XCConfigurationList;
			buildConfigurations = (
				FA0A5ED91D518376004E0EE5 /* Debug */,
				FA0A5EDA1D518376004E0EE5 /* Release */,
			);
			defaultConfigurationIsVisible = 0;
			defaultConfigurationName = Release;
		};
		FA0A5EDB1D518376004E0EE5 /* Build configuration list for PBXNativeTarget "antipatternUITests" */ = {
			isa = XCConfigurationList;
			buildConfigurations = (
				FA0A5EDC1D518376004E0EE5 /* Debug */,
				FA0A5EDD1D518376004E0EE5 /* Release */,
			);
			defaultConfigurationIsVisible = 0;
			defaultConfigurationName = Release;
		};
/* End XCConfigurationList section */
	};
	rootObject = FA0A5E9B1D518376004E0EE5 /* Project object */;
}
